
Microsoft Visual Studio Solution File, Format Version 12.00
# Visual Studio Version 16
VisualStudioVersion = 16.0.29609.76
MinimumVisualStudioVersion = 10.0.40219.1
Project("{FAE04EC0-301F-11D3-BF4B-00C04F79EFBC}") = "ACM.BL", "ACM.BL\ACM.BL.csproj", "{F62DCFCC-FC4B-4C5B-9CC1-F6C3A42B23DC}"
EndProject
Project("{2150E333-8FDC-42A3-9474-1A3956D46DE8}") = "Tests", "Tests", "{A11B1EA4-B4CE-4356-95F9-A0E7F22AE8F0}"
EndProject
Project("{FAE04EC0-301F-11D3-BF4B-00C04F79EFBC}") = "ACM.BLTest", "Tests\ACM.BLTest\ACM.BLTest.csproj", "{797A8443-B1EF-419B-A462-DD664FF955E8}"
EndProject
Project("{2150E333-8FDC-42A3-9474-1A3956D46DE8}") = "Solution Items", "Solution Items", "{B3691CE0-AC99-4D48-8E24-C74E46809ECC}"
	ProjectSection(SolutionItems) = preProject
		.gitignore = .gitignore
		README.md = README.md
	EndProjectSection
EndProject
Project("{FAE04EC0-301F-11D3-BF4B-00C04F79EFBC}") = "Acme.Common", "Acme.Common\Acme.Common.csproj", "{AE9D112C-C014-497A-91A3-BD8A2FDDC2E5}"
EndProject
Project("{FAE04EC0-301F-11D3-BF4B-00C04F79EFBC}") = "Acme.CommonTest", "Acme.CommonTest\Acme.CommonTest.csproj", "{046D5D17-B1E4-41B7-B3D1-47BB23502042}"
EndProject
Global
	GlobalSection(SolutionConfigurationPlatforms) = preSolution
		Debug|Any CPU = Debug|Any CPU
		Release|Any CPU = Release|Any CPU
	EndGlobalSection
	GlobalSection(ProjectConfigurationPlatforms) = postSolution
		{F62DCFCC-FC4B-4C5B-9CC1-F6C3A42B23DC}.Debug|Any CPU.ActiveCfg = Debug|Any CPU
		{F62DCFCC-FC4B-4C5B-9CC1-F6C3A42B23DC}.Debug|Any CPU.Build.0 = Debug|Any CPU
		{F62DCFCC-FC4B-4C5B-9CC1-F6C3A42B23DC}.Release|Any CPU.ActiveCfg = Release|Any CPU
		{F62DCFCC-FC4B-4C5B-9CC1-F6C3A42B23DC}.Release|Any CPU.Build.0 = Release|Any CPU
		{797A8443-B1EF-419B-A462-DD664FF955E8}.Debug|Any CPU.ActiveCfg = Debug|Any CPU
		{797A8443-B1EF-419B-A462-DD664FF955E8}.Debug|Any CPU.Build.0 = Debug|Any CPU
		{797A8443-B1EF-419B-A462-DD664FF955E8}.Release|Any CPU.ActiveCfg = Release|Any CPU
		{797A8443-B1EF-419B-A462-DD664FF955E8}.Release|Any CPU.Build.0 = Release|Any CPU
		{AE9D112C-C014-497A-91A3-BD8A2FDDC2E5}.Debug|Any CPU.ActiveCfg = Debug|Any CPU
		{AE9D112C-C014-497A-91A3-BD8A2FDDC2E5}.Debug|Any CPU.Build.0 = Debug|Any CPU
		{AE9D112C-C014-497A-91A3-BD8A2FDDC2E5}.Release|Any CPU.ActiveCfg = Release|Any CPU
		{AE9D112C-C014-497A-91A3-BD8A2FDDC2E5}.Release|Any CPU.Build.0 = Release|Any CPU
		{046D5D17-B1E4-41B7-B3D1-47BB23502042}.Debug|Any CPU.ActiveCfg = Debug|Any CPU
		{046D5D17-B1E4-41B7-B3D1-47BB23502042}.Debug|Any CPU.Build.0 = Debug|Any CPU
		{046D5D17-B1E4-41B7-B3D1-47BB23502042}.Release|Any CPU.ActiveCfg = Release|Any CPU
		{046D5D17-B1E4-41B7-B3D1-47BB23502042}.Release|Any CPU.Build.0 = Release|Any CPU
	EndGlobalSection
	GlobalSection(SolutionProperties) = preSolution
		HideSolutionNode = FALSE
	EndGlobalSection
	GlobalSection(NestedProjects) = preSolution
		{797A8443-B1EF-419B-A462-DD664FF955E8} = {A11B1EA4-B4CE-4356-95F9-A0E7F22AE8F0}
		{046D5D17-B1E4-41B7-B3D1-47BB23502042} = {A11B1EA4-B4CE-4356-95F9-A0E7F22AE8F0}
	EndGlobalSection
	GlobalSection(ExtensibilityGlobals) = postSolution
		SolutionGuid = {D809013D-E19C-42C9-9C44-05BB8A6B39FF}
	EndGlobalSection
EndGlobal
